
Microsoft Visual Studio Solution File, Format Version 12.00
# Visual Studio Version 16
VisualStudioVersion = 16.0.30621.155
MinimumVisualStudioVersion = 10.0.40219.1
Project("{FAE04EC0-301F-11D3-BF4B-00C04F79EFBC}") = "Markdown.Xaml", "src\Markdown.Xaml\Markdown.Xaml.csproj", "{EF4EA04A-2F25-450A-8F7B-029CD5A02BE0}"
EndProject
Project("{FAE04EC0-301F-11D3-BF4B-00C04F79EFBC}") = "Markdown.Xaml.Tests", "src\Markdown.Xaml.Tests\Markdown.Xaml.Tests.csproj", "{C44D58E8-AE6E-4F9C-8EFC-E5E816D82EF2}"
EndProject
Project("{FAE04EC0-301F-11D3-BF4B-00C04F79EFBC}") = "Markdown.Demo", "src\Markdown.Xaml.Demo\Markdown.Demo.csproj", "{75978320-D1C6-4662-9563-5BAF7CE8A540}"
EndProject
Global
	GlobalSection(SolutionConfigurationPlatforms) = preSolution
		Analysis|Any CPU = Analysis|Any CPU
		Debug|Any CPU = Debug|Any CPU
		Release|Any CPU = Release|Any CPU
	EndGlobalSection
	GlobalSection(ProjectConfigurationPlatforms) = postSolution
		{EF4EA04A-2F25-450A-8F7B-029CD5A02BE0}.Analysis|Any CPU.ActiveCfg = Analysis|Any CPU
		{EF4EA04A-2F25-450A-8F7B-029CD5A02BE0}.Analysis|Any CPU.Build.0 = Analysis|Any CPU
		{EF4EA04A-2F25-450A-8F7B-029CD5A02BE0}.Debug|Any CPU.ActiveCfg = Debug|Any CPU
		{EF4EA04A-2F25-450A-8F7B-029CD5A02BE0}.Debug|Any CPU.Build.0 = Debug|Any CPU
		{EF4EA04A-2F25-450A-8F7B-029CD5A02BE0}.Release|Any CPU.ActiveCfg = Release|Any CPU
		{EF4EA04A-2F25-450A-8F7B-029CD5A02BE0}.Release|Any CPU.Build.0 = Release|Any CPU
		{C44D58E8-AE6E-4F9C-8EFC-E5E816D82EF2}.Analysis|Any CPU.ActiveCfg = Analysis|Any CPU
		{C44D58E8-AE6E-4F9C-8EFC-E5E816D82EF2}.Analysis|Any CPU.Build.0 = Analysis|Any CPU
		{C44D58E8-AE6E-4F9C-8EFC-E5E816D82EF2}.Debug|Any CPU.ActiveCfg = Debug|Any CPU
		{C44D58E8-AE6E-4F9C-8EFC-E5E816D82EF2}.Debug|Any CPU.Build.0 = Debug|Any CPU
		{C44D58E8-AE6E-4F9C-8EFC-E5E816D82EF2}.Release|Any CPU.ActiveCfg = Release|Any CPU
		{C44D58E8-AE6E-4F9C-8EFC-E5E816D82EF2}.Release|Any CPU.Build.0 = Release|Any CPU
		{75978320-D1C6-4662-9563-5BAF7CE8A540}.Analysis|Any CPU.ActiveCfg = Release|Any CPU
		{75978320-D1C6-4662-9563-5BAF7CE8A540}.Analysis|Any CPU.Build.0 = Release|Any CPU
		{75978320-D1C6-4662-9563-5BAF7CE8A540}.Debug|Any CPU.ActiveCfg = Debug|Any CPU
		{75978320-D1C6-4662-9563-5BAF7CE8A540}.Debug|Any CPU.Build.0 = Debug|Any CPU
		{75978320-D1C6-4662-9563-5BAF7CE8A540}.Release|Any CPU.ActiveCfg = Release|Any CPU
		{75978320-D1C6-4662-9563-5BAF7CE8A540}.Release|Any CPU.Build.0 = Release|Any CPU
	EndGlobalSection
	GlobalSection(SolutionProperties) = preSolution
		HideSolutionNode = FALSE
	EndGlobalSection
	GlobalSection(ExtensibilityGlobals) = postSolution
		SolutionGuid = {8512F6D4-15FA-4628-A992-2570872DC92A}
	EndGlobalSection
EndGlobal
